// !$*UTF8*$!
{
	archiveVersion = 1;
	classes = {
	};
	objectVersion = 46;
	objects = {

/* Begin PBXBuildFile section */
		42018BDB1898BFE500A20310 /* JRWExplosion.sks in Resources */ = {isa = PBXBuildFile; fileRef = 42018BD91898BFE500A20310 /* JRWExplosion.sks */; };
		42018BDC1898BFE500A20310 /* spark.png in Resources */ = {isa = PBXBuildFile; fileRef = 42018BDA1898BFE500A20310 /* spark.png */; };
		4263B8761864AA2700EE423A /* JRWGameScene.m in Sources */ = {isa = PBXBuildFile; fileRef = 4263B8751864AA2700EE423A /* JRWGameScene.m */; };
		426857061893127B0071FB7E /* JRWHUDSprite.m in Sources */ = {isa = PBXBuildFile; fileRef = 426857051893127B0071FB7E /* JRWHUDSprite.m */; };
		4268570918946C840071FB7E /* alarm.caf in Resources */ = {isa = PBXBuildFile; fileRef = 4268570818946C840071FB7E /* alarm.caf */; };
		426F71391862925E00ABA3C3 /* JRWShipSprite.m in Sources */ = {isa = PBXBuildFile; fileRef = 426F71381862925E00ABA3C3 /* JRWShipSprite.m */; };
		426F713C1862927400ABA3C3 /* JRWRockSprite.m in Sources */ = {isa = PBXBuildFile; fileRef = 426F713B1862927400ABA3C3 /* JRWRockSprite.m */; };
		429D95D618624D7F008B524D /* Cocoa.framework in Frameworks */ = {isa = PBXBuildFile; fileRef = 429D95D518624D7F008B524D /* Cocoa.framework */; };
		429D95D818624D7F008B524D /* SpriteKit.framework in Frameworks */ = {isa = PBXBuildFile; fileRef = 429D95D718624D7F008B524D /* SpriteKit.framework */; };
		429D95E218624D7F008B524D /* InfoPlist.strings in Resources */ = {isa = PBXBuildFile; fileRef = 429D95E018624D7F008B524D /* InfoPlist.strings */; };
		429D95E418624D7F008B524D /* main.m in Sources */ = {isa = PBXBuildFile; fileRef = 429D95E318624D7F008B524D /* main.m */; };
		429D95E818624D7F008B524D /* Credits.rtf in Resources */ = {isa = PBXBuildFile; fileRef = 429D95E618624D7F008B524D /* Credits.rtf */; };
		429D95EA18624D7F008B524D /* MainMenu.xib in Resources */ = {isa = PBXBuildFile; fileRef = 429D95E918624D7F008B524D /* MainMenu.xib */; };
		429D95EC18624D7F008B524D /* JRWTitleScene.m in Sources */ = {isa = PBXBuildFile; fileRef = 429D95EB18624D7F008B524D /* JRWTitleScene.m */; };
		429D95EF18624D7F008B524D /* JRWAppDelegate.m in Sources */ = {isa = PBXBuildFile; fileRef = 429D95EE18624D7F008B524D /* JRWAppDelegate.m */; };
		429D95F418624D7F008B524D /* Images.xcassets in Resources */ = {isa = PBXBuildFile; fileRef = 429D95F318624D7F008B524D /* Images.xcassets */; };
		429D961018624E87008B524D /* art.atlas in Resources */ = {isa = PBXBuildFile; fileRef = 429D960F18624E87008B524D /* art.atlas */; };
		42E9FA591891E30900005B85 /* boom1.caf in Resources */ = {isa = PBXBuildFile; fileRef = 42E9FA581891E30900005B85 /* boom1.caf */; };
		42E9FA5B1891E5A300005B85 /* boom6.caf in Resources */ = {isa = PBXBuildFile; fileRef = 42E9FA5A1891E51E00005B85 /* boom6.caf */; };
		42FD23FB188F0B330005F527 /* RocketThrusters.caf in Resources */ = {isa = PBXBuildFile; fileRef = 42FD23FA188F0B330005F527 /* RocketThrusters.caf */; };
/* End PBXBuildFile section */

/* Begin PBXFileReference section */
		42018BD71898BE3400A20310 /* Rock Buster.entitlements */ = {isa = PBXFileReference; lastKnownFileType = text.xml; path = "Rock Buster.entitlements"; sourceTree = "<group>"; };
		42018BD91898BFE500A20310 /* JRWExplosion.sks */ = {isa = PBXFileReference; lastKnownFileType = file.sks; name = JRWExplosion.sks; path = "Rock Buster/JRWExplosion.sks"; sourceTree = "<group>"; };
		42018BDA1898BFE500A20310 /* spark.png */ = {isa = PBXFileReference; lastKnownFileType = image.png; name = spark.png; path = "Rock Buster/spark.png"; sourceTree = "<group>"; };
		4263B8741864AA2700EE423A /* JRWGameScene.h */ = {isa = PBXFileReference; fileEncoding = 4; lastKnownFileType = sourcecode.c.h; path = JRWGameScene.h; sourceTree = "<group>"; };
		4263B8751864AA2700EE423A /* JRWGameScene.m */ = {isa = PBXFileReference; fileEncoding = 4; lastKnownFileType = sourcecode.c.objc; path = JRWGameScene.m; sourceTree = "<group>"; };
		426857041893127B0071FB7E /* JRWHUDSprite.h */ = {isa = PBXFileReference; fileEncoding = 4; lastKnownFileType = sourcecode.c.h; path = JRWHUDSprite.h; sourceTree = "<group>"; };
		426857051893127B0071FB7E /* JRWHUDSprite.m */ = {isa = PBXFileReference; fileEncoding = 4; lastKnownFileType = sourcecode.c.objc; path = JRWHUDSprite.m; sourceTree = "<group>"; };
		4268570818946C840071FB7E /* alarm.caf */ = {isa = PBXFileReference; lastKnownFileType = file; path = alarm.caf; sourceTree = "<group>"; };
		426F71371862925E00ABA3C3 /* JRWShipSprite.h */ = {isa = PBXFileReference; fileEncoding = 4; lastKnownFileType = sourcecode.c.h; path = JRWShipSprite.h; sourceTree = "<group>"; };
		426F71381862925E00ABA3C3 /* JRWShipSprite.m */ = {isa = PBXFileReference; fileEncoding = 4; lastKnownFileType = sourcecode.c.objc; path = JRWShipSprite.m; sourceTree = "<group>"; };
		426F713A1862927400ABA3C3 /* JRWRockSprite.h */ = {isa = PBXFileReference; fileEncoding = 4; lastKnownFileType = sourcecode.c.h; path = JRWRockSprite.h; sourceTree = "<group>"; };
		426F713B1862927400ABA3C3 /* JRWRockSprite.m */ = {isa = PBXFileReference; fileEncoding = 4; lastKnownFileType = sourcecode.c.objc; path = JRWRockSprite.m; sourceTree = "<group>"; };
		429D95D218624D7F008B524D /* Rock Buster.app */ = {isa = PBXFileReference; explicitFileType = wrapper.application; includeInIndex = 0; path = "Rock Buster.app"; sourceTree = BUILT_PRODUCTS_DIR; };
		429D95D518624D7F008B524D /* Cocoa.framework */ = {isa = PBXFileReference; lastKnownFileType = wrapper.framework; name = Cocoa.framework; path = System/Library/Frameworks/Cocoa.framework; sourceTree = SDKROOT; };
		429D95D718624D7F008B524D /* SpriteKit.framework */ = {isa = PBXFileReference; lastKnownFileType = wrapper.framework; name = SpriteKit.framework; path = System/Library/Frameworks/SpriteKit.framework; sourceTree = SDKROOT; };
		429D95DA18624D7F008B524D /* AppKit.framework */ = {isa = PBXFileReference; lastKnownFileType = wrapper.framework; name = AppKit.framework; path = System/Library/Frameworks/AppKit.framework; sourceTree = SDKROOT; };
		429D95DB18624D7F008B524D /* CoreData.framework */ = {isa = PBXFileReference; lastKnownFileType = wrapper.framework; name = CoreData.framework; path = System/Library/Frameworks/CoreData.framework; sourceTree = SDKROOT; };
		429D95DC18624D7F008B524D /* Foundation.framework */ = {isa = PBXFileReference; lastKnownFileType = wrapper.framework; name = Foundation.framework; path = System/Library/Frameworks/Foundation.framework; sourceTree = SDKROOT; };
		429D95DF18624D7F008B524D /* Rock Buster-Info.plist */ = {isa = PBXFileReference; lastKnownFileType = text.plist.xml; path = "Rock Buster-Info.plist"; sourceTree = "<group>"; };
		429D95E118624D7F008B524D /* en */ = {isa = PBXFileReference; lastKnownFileType = text.plist.strings; name = en; path = en.lproj/InfoPlist.strings; sourceTree = "<group>"; };
		429D95E318624D7F008B524D /* main.m */ = {isa = PBXFileReference; lastKnownFileType = sourcecode.c.objc; path = main.m; sourceTree = "<group>"; };
		429D95E518624D7F008B524D /* Rock Buster-Prefix.pch */ = {isa = PBXFileReference; lastKnownFileType = sourcecode.c.h; path = "Rock Buster-Prefix.pch"; sourceTree = "<group>"; };
		429D95E718624D7F008B524D /* en */ = {isa = PBXFileReference; lastKnownFileType = text.rtf; name = en; path = en.lproj/Credits.rtf; sourceTree = "<group>"; };
		429D95E918624D7F008B524D /* MainMenu.xib */ = {isa = PBXFileReference; lastKnownFileType = file.xib; path = MainMenu.xib; sourceTree = "<group>"; };
		429D95EB18624D7F008B524D /* JRWTitleScene.m */ = {isa = PBXFileReference; lastKnownFileType = sourcecode.c.objc; path = JRWTitleScene.m; sourceTree = "<group>"; };
		429D95ED18624D7F008B524D /* JRWTitleScene.h */ = {isa = PBXFileReference; lastKnownFileType = sourcecode.c.h; path = JRWTitleScene.h; sourceTree = "<group>"; };
		429D95EE18624D7F008B524D /* JRWAppDelegate.m */ = {isa = PBXFileReference; lastKnownFileType = sourcecode.c.objc; path = JRWAppDelegate.m; sourceTree = "<group>"; };
		429D95F018624D7F008B524D /* JRWAppDelegate.h */ = {isa = PBXFileReference; lastKnownFileType = sourcecode.c.h; path = JRWAppDelegate.h; sourceTree = "<group>"; };
		429D95F318624D7F008B524D /* Images.xcassets */ = {isa = PBXFileReference; lastKnownFileType = folder.assetcatalog; path = Images.xcassets; sourceTree = "<group>"; };
		429D95FA18624D7F008B524D /* XCTest.framework */ = {isa = PBXFileReference; lastKnownFileType = wrapper.framework; name = XCTest.framework; path = Library/Frameworks/XCTest.framework; sourceTree = DEVELOPER_DIR; };
		429D960F18624E87008B524D /* art.atlas */ = {isa = PBXFileReference; lastKnownFileType = folder.skatlas; name = art.atlas; path = "Rock Buster/art.atlas"; sourceTree = "<group>"; };
		42E9FA581891E30900005B85 /* boom1.caf */ = {isa = PBXFileReference; lastKnownFileType = file; path = boom1.caf; sourceTree = "<group>"; };
		42E9FA5A1891E51E00005B85 /* boom6.caf */ = {isa = PBXFileReference; lastKnownFileType = file; path = boom6.caf; sourceTree = "<group>"; };
		42FD23FA188F0B330005F527 /* RocketThrusters.caf */ = {isa = PBXFileReference; lastKnownFileType = file; path = RocketThrusters.caf; sourceTree = "<group>"; };
/* End PBXFileReference section */

/* Begin PBXFrameworksBuildPhase section */
		429D95CF18624D7F008B524D /* Frameworks */ = {
			isa = PBXFrameworksBuildPhase;
			buildActionMask = 2147483647;
			files = (
				429D95D818624D7F008B524D /* SpriteKit.framework in Frameworks */,
				429D95D618624D7F008B524D /* Cocoa.framework in Frameworks */,
			);
			runOnlyForDeploymentPostprocessing = 0;
		};
/* End PBXFrameworksBuildPhase section */

/* Begin PBXGroup section */
		42018BD81898BF8F00A20310 /* Particle Generators */ = {
			isa = PBXGroup;
			children = (
				42018BD91898BFE500A20310 /* JRWExplosion.sks */,
				42018BDA1898BFE500A20310 /* spark.png */,
			);
			name = "Particle Generators";
			sourceTree = "<group>";
		};
		4268570718944A230071FB7E /* Game Sprites */ = {
			isa = PBXGroup;
			children = (
				426857041893127B0071FB7E /* JRWHUDSprite.h */,
				426857051893127B0071FB7E /* JRWHUDSprite.m */,
				426F71371862925E00ABA3C3 /* JRWShipSprite.h */,
				426F71381862925E00ABA3C3 /* JRWShipSprite.m */,
				426F713A1862927400ABA3C3 /* JRWRockSprite.h */,
				426F713B1862927400ABA3C3 /* JRWRockSprite.m */,
			);
			name = "Game Sprites";
			sourceTree = "<group>";
		};
		429D95C918624D7F008B524D = {
			isa = PBXGroup;
			children = (
				42018BD81898BF8F00A20310 /* Particle Generators */,
				429D960F18624E87008B524D /* art.atlas */,
				429D95DD18624D7F008B524D /* Rock Buster */,
				429D95D418624D7F008B524D /* Frameworks */,
				429D95D318624D7F008B524D /* Products */,
			);
			sourceTree = "<group>";
		};
		429D95D318624D7F008B524D /* Products */ = {
			isa = PBXGroup;
			children = (
				429D95D218624D7F008B524D /* Rock Buster.app */,
			);
			name = Products;
			sourceTree = "<group>";
		};
		429D95D418624D7F008B524D /* Frameworks */ = {
			isa = PBXGroup;
			children = (
				429D95D518624D7F008B524D /* Cocoa.framework */,
				429D95D718624D7F008B524D /* SpriteKit.framework */,
				429D95FA18624D7F008B524D /* XCTest.framework */,
				429D95D918624D7F008B524D /* Other Frameworks */,
			);
			name = Frameworks;
			sourceTree = "<group>";
		};
		429D95D918624D7F008B524D /* Other Frameworks */ = {
			isa = PBXGroup;
			children = (
				429D95DA18624D7F008B524D /* AppKit.framework */,
				429D95DB18624D7F008B524D /* CoreData.framework */,
				429D95DC18624D7F008B524D /* Foundation.framework */,
			);
			name = "Other Frameworks";
			sourceTree = "<group>";
		};
		429D95DD18624D7F008B524D /* Rock Buster */ = {
			isa = PBXGroup;
			children = (
				42018BD71898BE3400A20310 /* Rock Buster.entitlements */,
				429D95E918624D7F008B524D /* MainMenu.xib */,
				429D95ED18624D7F008B524D /* JRWTitleScene.h */,
				429D95EB18624D7F008B524D /* JRWTitleScene.m */,
				4263B8741864AA2700EE423A /* JRWGameScene.h */,
				4263B8751864AA2700EE423A /* JRWGameScene.m */,
				429D95F018624D7F008B524D /* JRWAppDelegate.h */,
				429D95EE18624D7F008B524D /* JRWAppDelegate.m */,
				4268570718944A230071FB7E /* Game Sprites */,
				429D95F318624D7F008B524D /* Images.xcassets */,
				429D95DE18624D7F008B524D /* Supporting Files */,
			);
			path = "Rock Buster";
			sourceTree = "<group>";
		};
		429D95DE18624D7F008B524D /* Supporting Files */ = {
			isa = PBXGroup;
			children = (
				429DC61B188DDF730036DFAE /* Sounds */,
				429D95DF18624D7F008B524D /* Rock Buster-Info.plist */,
				429D95E018624D7F008B524D /* InfoPlist.strings */,
				429D95E318624D7F008B524D /* main.m */,
				429D95E518624D7F008B524D /* Rock Buster-Prefix.pch */,
				429D95E618624D7F008B524D /* Credits.rtf */,
			);
			name = "Supporting Files";
			sourceTree = "<group>";
		};
		429DC61B188DDF730036DFAE /* Sounds */ = {
			isa = PBXGroup;
			children = (
				4268570818946C840071FB7E /* alarm.caf */,
				42E9FA5A1891E51E00005B85 /* boom6.caf */,
				42E9FA581891E30900005B85 /* boom1.caf */,
				42FD23FA188F0B330005F527 /* RocketThrusters.caf */,
			);
			path = Sounds;
			sourceTree = "<group>";
		};
/* End PBXGroup section */

/* Begin PBXNativeTarget section */
		429D95D118624D7F008B524D /* Rock Buster */ = {
			isa = PBXNativeTarget;
			buildConfigurationList = 429D960918624D7F008B524D /* Build configuration list for PBXNativeTarget "Rock Buster" */;
			buildPhases = (
				429D95CE18624D7F008B524D /* Sources */,
				429D95CF18624D7F008B524D /* Frameworks */,
				429D95D018624D7F008B524D /* Resources */,
			);
			buildRules = (
			);
			dependencies = (
			);
			name = "Rock Buster";
			productName = "Rock Buster";
			productReference = 429D95D218624D7F008B524D /* Rock Buster.app */;
			productType = "com.apple.product-type.application";
		};
/* End PBXNativeTarget section */

/* Begin PBXProject section */
		429D95CA18624D7F008B524D /* Project object */ = {
			isa = PBXProject;
			attributes = {
				CLASSPREFIX = JRW;
				LastUpgradeCheck = 0500;
				ORGANIZATIONNAME = Me;
				TargetAttributes = {
					429D95D118624D7F008B524D = {
						SystemCapabilities = {
							com.apple.Sandbox = {
								enabled = 1;
							};
						};
					};
				};
			};
			buildConfigurationList = 429D95CD18624D7F008B524D /* Build configuration list for PBXProject "Rock Buster" */;
			compatibilityVersion = "Xcode 3.2";
			developmentRegion = English;
			hasScannedForEncodings = 0;
			knownRegions = (
				en,
			);
			mainGroup = 429D95C918624D7F008B524D;
			productRefGroup = 429D95D318624D7F008B524D /* Products */;
			projectDirPath = "";
			projectRoot = "";
			targets = (
				429D95D118624D7F008B524D /* Rock Buster */,
			);
		};
/* End PBXProject section */

/* Begin PBXResourcesBuildPhase section */
		429D95D018624D7F008B524D /* Resources */ = {
			isa = PBXResourcesBuildPhase;
			buildActionMask = 2147483647;
			files = (
				42018BDC1898BFE500A20310 /* spark.png in Resources */,
				429D961018624E87008B524D /* art.atlas in Resources */,
				429D95F418624D7F008B524D /* Images.xcassets in Resources */,
				4268570918946C840071FB7E /* alarm.caf in Resources */,
				429D95E218624D7F008B524D /* InfoPlist.strings in Resources */,
				42E9FA591891E30900005B85 /* boom1.caf in Resources */,
				42E9FA5B1891E5A300005B85 /* boom6.caf in Resources */,
				429D95E818624D7F008B524D /* Credits.rtf in Resources */,
				429D95EA18624D7F008B524D /* MainMenu.xib in Resources */,
				42FD23FB188F0B330005F527 /* RocketThrusters.caf in Resources */,
				42018BDB1898BFE500A20310 /* JRWExplosion.sks in Resources */,
			);
			runOnlyForDeploymentPostprocessing = 0;
		};
/* End PBXResourcesBuildPhase section */

/* Begin PBXSourcesBuildPhase section */
		429D95CE18624D7F008B524D /* Sources */ = {
			isa = PBXSourcesBuildPhase;
			buildActionMask = 2147483647;
			files = (
				4263B8761864AA2700EE423A /* JRWGameScene.m in Sources */,
				426857061893127B0071FB7E /* JRWHUDSprite.m in Sources */,
				426F71391862925E00ABA3C3 /* JRWShipSprite.m in Sources */,
				426F713C1862927400ABA3C3 /* JRWRockSprite.m in Sources */,
				429D95EC18624D7F008B524D /* JRWTitleScene.m in Sources */,
				429D95EF18624D7F008B524D /* JRWAppDelegate.m in Sources */,
				429D95E418624D7F008B524D /* main.m in Sources */,
			);
			runOnlyForDeploymentPostprocessing = 0;
		};
/* End PBXSourcesBuildPhase section */

/* Begin PBXVariantGroup section */
		429D95E018624D7F008B524D /* InfoPlist.strings */ = {
			isa = PBXVariantGroup;
			children = (
				429D95E118624D7F008B524D /* en */,
			);
			name = InfoPlist.strings;
			sourceTree = "<group>";
		};
		429D95E618624D7F008B524D /* Credits.rtf */ = {
			isa = PBXVariantGroup;
			children = (
				429D95E718624D7F008B524D /* en */,
			);
			name = Credits.rtf;
			sourceTree = "<group>";
		};
/* End PBXVariantGroup section */

/* Begin XCBuildConfiguration section */
		429D960718624D7F008B524D /* Debug */ = {
			isa = XCBuildConfiguration;
			buildSettings = {
				ALWAYS_SEARCH_USER_PATHS = NO;
				CLANG_CXX_LANGUAGE_STANDARD = "gnu++0x";
				CLANG_CXX_LIBRARY = "libc++";
				CLANG_ENABLE_OBJC_ARC = YES;
				CLANG_WARN_BOOL_CONVERSION = YES;
				CLANG_WARN_CONSTANT_CONVERSION = YES;
				CLANG_WARN_DIRECT_OBJC_ISA_USAGE = YES_ERROR;
				CLANG_WARN_EMPTY_BODY = YES;
				CLANG_WARN_ENUM_CONVERSION = YES;
				CLANG_WARN_INT_CONVERSION = YES;
				CLANG_WARN_OBJC_ROOT_CLASS = YES_ERROR;
				CLANG_WARN__DUPLICATE_METHOD_MATCH = YES;
				COPY_PHASE_STRIP = NO;
				GCC_C_LANGUAGE_STANDARD = gnu99;
				GCC_DYNAMIC_NO_PIC = NO;
				GCC_ENABLE_OBJC_EXCEPTIONS = YES;
				GCC_OPTIMIZATION_LEVEL = 0;
				GCC_PREPROCESSOR_DEFINITIONS = (
					"DEBUG=1",
					"$(inherited)",
				);
				GCC_SYMBOLS_PRIVATE_EXTERN = NO;
				GCC_WARN_64_TO_32_BIT_CONVERSION = YES;
				GCC_WARN_ABOUT_RETURN_TYPE = YES_ERROR;
				GCC_WARN_UNDECLARED_SELECTOR = YES;
				GCC_WARN_UNINITIALIZED_AUTOS = YES;
				GCC_WARN_UNUSED_FUNCTION = YES;
				GCC_WARN_UNUSED_VARIABLE = YES;
				MACOSX_DEPLOYMENT_TARGET = 10.9;
				ONLY_ACTIVE_ARCH = YES;
				SDKROOT = macosx;
				SPRITEKIT_TEXTURE_ATLAS_FORMAT = RGBA8888_PNG;
				SPRITEKIT_TEXTURE_ATLAS_OUTPUT = YES;
			};
			name = Debug;
		};
		429D960818624D7F008B524D /* Release */ = {
			isa = XCBuildConfiguration;
			buildSettings = {
				ALWAYS_SEARCH_USER_PATHS = NO;
				CLANG_CXX_LANGUAGE_STANDARD = "gnu++0x";
				CLANG_CXX_LIBRARY = "libc++";
				CLANG_ENABLE_OBJC_ARC = YES;
				CLANG_WARN_BOOL_CONVERSION = YES;
				CLANG_WARN_CONSTANT_CONVERSION = YES;
				CLANG_WARN_DIRECT_OBJC_ISA_USAGE = YES_ERROR;
				CLANG_WARN_EMPTY_BODY = YES;
				CLANG_WARN_ENUM_CONVERSION = YES;
				CLANG_WARN_INT_CONVERSION = YES;
				CLANG_WARN_OBJC_ROOT_CLASS = YES_ERROR;
				CLANG_WARN__DUPLICATE_METHOD_MATCH = YES;
				COPY_PHASE_STRIP = YES;
				DEBUG_INFORMATION_FORMAT = "dwarf-with-dsym";
				ENABLE_NS_ASSERTIONS = NO;
				GCC_C_LANGUAGE_STANDARD = gnu99;
				GCC_ENABLE_OBJC_EXCEPTIONS = YES;
				GCC_WARN_64_TO_32_BIT_CONVERSION = YES;
				GCC_WARN_ABOUT_RETURN_TYPE = YES_ERROR;
				GCC_WARN_UNDECLARED_SELECTOR = YES;
				GCC_WARN_UNINITIALIZED_AUTOS = YES;
				GCC_WARN_UNUSED_FUNCTION = YES;
				GCC_WARN_UNUSED_VARIABLE = YES;
				MACOSX_DEPLOYMENT_TARGET = 10.9;
				SDKROOT = macosx;
				SPRITEKIT_TEXTURE_ATLAS_FORMAT = RGBA8888_PNG;
				SPRITEKIT_TEXTURE_ATLAS_OUTPUT = YES;
			};
			name = Release;
		};
		429D960A18624D7F008B524D /* Debug */ = {
			isa = XCBuildConfiguration;
			buildSettings = {
				ASSETCATALOG_COMPILER_APPICON_NAME = AppIcon;
				CODE_SIGN_ENTITLEMENTS = "Rock Buster/Rock Buster.entitlements";
				CODE_SIGN_IDENTITY = "-";
				COMBINE_HIDPI_IMAGES = YES;
				GCC_PRECOMPILE_PREFIX_HEADER = YES;
				GCC_PREFIX_HEADER = "Rock Buster/Rock Buster-Prefix.pch";
				INFOPLIST_FILE = "Rock Buster/Rock Buster-Info.plist";
				PRODUCT_NAME = "$(TARGET_NAME)";
				SPRITEKIT_TEXTURE_ATLAS_OUTPUT = YES;
				WRAPPER_EXTENSION = app;
			};
			name = Debug;
		};
		429D960B18624D7F008B524D /* Release */ = {
			isa = XCBuildConfiguration;
			buildSettings = {
				ASSETCATALOG_COMPILER_APPICON_NAME = AppIcon;
				CODE_SIGN_ENTITLEMENTS = "Rock Buster/Rock Buster.entitlements";
				CODE_SIGN_IDENTITY = "-";
				COMBINE_HIDPI_IMAGES = YES;
				GCC_PRECOMPILE_PREFIX_HEADER = YES;
				GCC_PREFIX_HEADER = "Rock Buster/Rock Buster-Prefix.pch";
				INFOPLIST_FILE = "Rock Buster/Rock Buster-Info.plist";
				PRODUCT_NAME = "$(TARGET_NAME)";
				SPRITEKIT_TEXTURE_ATLAS_OUTPUT = YES;
				WRAPPER_EXTENSION = app;
			};
			name = Release;
		};
/* End XCBuildConfiguration section */

/* Begin XCConfigurationList section */
		429D95CD18624D7F008B524D /* Build configuration list for PBXProject "Rock Buster" */ = {
			isa = XCConfigurationList;
			buildConfigurations = (
				429D960718624D7F008B524D /* Debug */,
				429D960818624D7F008B524D /* Release */,
			);
			defaultConfigurationIsVisible = 0;
			defaultConfigurationName = Release;
		};
		429D960918624D7F008B524D /* Build configuration list for PBXNativeTarget "Rock Buster" */ = {
			isa = XCConfigurationList;
			buildConfigurations = (
				429D960A18624D7F008B524D /* Debug */,
				429D960B18624D7F008B524D /* Release */,
			);
			defaultConfigurationIsVisible = 0;
			defaultConfigurationName = Release;
		};
/* End XCConfigurationList section */
	};
	rootObject = 429D95CA18624D7F008B524D /* Project object */;
}
